
Microsoft Visual Studio Solution File, Format Version 12.00
# Visual Studio Version 17
VisualStudioVersion = 17.14.36414.22 d17.14
MinimumVisualStudioVersion = 10.0.40219.1
Project("{FAE04EC0-301F-11D3-BF4B-00C04F79EFBC}") = "SortVisualizer.Client", "SortVisualizer.Client.csproj", "{D0514D1D-848C-EDA0-E3DD-DE5C018D31C1}"
EndProject
Global
	GlobalSection(SolutionConfigurationPlatforms) = preSolution
		Debug|Any CPU = Debug|Any CPU
		Release|Any CPU = Release|Any CPU
	EndGlobalSection
	GlobalSection(ProjectConfigurationPlatforms) = postSolution
		{D0514D1D-848C-EDA0-E3DD-DE5C018D31C1}.Debug|Any CPU.ActiveCfg = Debug|Any CPU
		{D0514D1D-848C-EDA0-E3DD-DE5C018D31C1}.Debug|Any CPU.Build.0 = Debug|Any CPU
		{D0514D1D-848C-EDA0-E3DD-DE5C018D31C1}.Release|Any CPU.ActiveCfg = Release|Any CPU
		{D0514D1D-848C-EDA0-E3DD-DE5C018D31C1}.Release|Any CPU.Build.0 = Release|Any CPU
	EndGlobalSection
	GlobalSection(SolutionProperties) = preSolution
		HideSolutionNode = FALSE
	EndGlobalSection
	GlobalSection(ExtensibilityGlobals) = postSolution
		SolutionGuid = {67755B37-944E-4AA9-BFDB-D937918659BA}
	EndGlobalSection
EndGlobal
